// !$*UTF8*$!
{
	archiveVersion = 1;
	classes = {
	};
	objectVersion = 48;
	objects = {

/* Begin PBXBuildFile section */
		951F549B2054134900DB8C7C /* exceptionSituated.cpp in Sources */ = {isa = PBXBuildFile; fileRef = 951F549A2054134900DB8C7C /* exceptionSituated.cpp */; };
		955D85DF2052A5120087D615 /* startWindow.cpp in Sources */ = {isa = PBXBuildFile; fileRef = 955D85D42052A5120087D615 /* startWindow.cpp */; };
		955D85E02052A5120087D615 /* main.cpp in Sources */ = {isa = PBXBuildFile; fileRef = 955D85D92052A5120087D615 /* main.cpp */; };
		955D85E22052A5120087D615 /* abstractRace.cpp in Sources */ = {isa = PBXBuildFile; fileRef = 955D85DC2052A5120087D615 /* abstractRace.cpp */; };
		955D85E32052A5120087D615 /* graphics.cpp in Sources */ = {isa = PBXBuildFile; fileRef = 955D85DD2052A5120087D615 /* graphics.cpp */; };
		955D85E62052A55B0087D615 /* libSDL2-2.0.0.dylib in Frameworks */ = {isa = PBXBuildFile; fileRef = 955D85E52052A55B0087D615 /* libSDL2-2.0.0.dylib */; };
		955D85E82052A5680087D615 /* libSDL2_ttf-2.0.0.dylib in Frameworks */ = {isa = PBXBuildFile; fileRef = 955D85E72052A5680087D615 /* libSDL2_ttf-2.0.0.dylib */; };
		955D85EA2052A5750087D615 /* libSDL2_mixer-2.0.0.dylib in Frameworks */ = {isa = PBXBuildFile; fileRef = 955D85E92052A5750087D615 /* libSDL2_mixer-2.0.0.dylib */; };
		955D85EC2052A5820087D615 /* libSDL2_image-2.0.0.dylib in Frameworks */ = {isa = PBXBuildFile; fileRef = 955D85EB2052A5820087D615 /* libSDL2_image-2.0.0.dylib */; };
/* End PBXBuildFile section */

/* Begin PBXCopyFilesBuildPhase section */
		955D85C72052A4EC0087D615 /* CopyFiles */ = {
			isa = PBXCopyFilesBuildPhase;
			buildActionMask = 2147483647;
			dstPath = /usr/share/man/man1/;
			dstSubfolderSpec = 0;
			files = (
			);
			runOnlyForDeploymentPostprocessing = 1;
		};
/* End PBXCopyFilesBuildPhase section */

/* Begin PBXFileReference section */
		951F54992054134900DB8C7C /* exceptionSituated.hpp */ = {isa = PBXFileReference; fileEncoding = 4; lastKnownFileType = sourcecode.cpp.h; name = exceptionSituated.hpp; path = exception/exceptionSituated.hpp; sourceTree = "<group>"; };
		951F549A2054134900DB8C7C /* exceptionSituated.cpp */ = {isa = PBXFileReference; fileEncoding = 4; lastKnownFileType = sourcecode.cpp.cpp; name = exceptionSituated.cpp; path = exception/exceptionSituated.cpp; sourceTree = "<group>"; };
		955D85C92052A4EC0087D615 /* SixWorld */ = {isa = PBXFileReference; explicitFileType = "compiled.mach-o.executable"; includeInIndex = 0; path = SixWorld; sourceTree = BUILT_PRODUCTS_DIR; };
		955D85D32052A5120087D615 /* graphics.hpp */ = {isa = PBXFileReference; fileEncoding = 4; lastKnownFileType = sourcecode.cpp.h; path = graphics.hpp; sourceTree = "<group>"; };
		955D85D42052A5120087D615 /* startWindow.cpp */ = {isa = PBXFileReference; fileEncoding = 4; lastKnownFileType = sourcecode.cpp.cpp; path = startWindow.cpp; sourceTree = "<group>"; };
		955D85D52052A5120087D615 /* abstractRace.hpp */ = {isa = PBXFileReference; fileEncoding = 4; lastKnownFileType = sourcecode.cpp.h; path = abstractRace.hpp; sourceTree = "<group>"; };
		955D85D62052A5120087D615 /* startWindow.hpp */ = {isa = PBXFileReference; fileEncoding = 4; lastKnownFileType = sourcecode.cpp.h; path = startWindow.hpp; sourceTree = "<group>"; };
		955D85D72052A5120087D615 /* diologWindow.hpp */ = {isa = PBXFileReference; fileEncoding = 4; lastKnownFileType = sourcecode.cpp.h; path = diologWindow.hpp; sourceTree = "<group>"; };
		955D85D82052A5120087D615 /* diologWindow.inl */ = {isa = PBXFileReference; fileEncoding = 4; lastKnownFileType = text; path = diologWindow.inl; sourceTree = "<group>"; };
		955D85D92052A5120087D615 /* main.cpp */ = {isa = PBXFileReference; fileEncoding = 4; lastKnownFileType = sourcecode.cpp.cpp; path = main.cpp; sourceTree = "<group>"; };
		955D85DC2052A5120087D615 /* abstractRace.cpp */ = {isa = PBXFileReference; fileEncoding = 4; lastKnownFileType = sourcecode.cpp.cpp; path = abstractRace.cpp; sourceTree = "<group>"; };
		955D85DD2052A5120087D615 /* graphics.cpp */ = {isa = PBXFileReference; fileEncoding = 4; lastKnownFileType = sourcecode.cpp.cpp; path = graphics.cpp; sourceTree = "<group>"; };
		955D85DE2052A5120087D615 /* image */ = {isa = PBXFileReference; lastKnownFileType = folder; path = image; sourceTree = "<group>"; };
		955D85E52052A55B0087D615 /* libSDL2-2.0.0.dylib */ = {isa = PBXFileReference; lastKnownFileType = "compiled.mach-o.dylib"; name = "libSDL2-2.0.0.dylib"; path = "../../../../usr/local/Cellar/sdl2/2.0.5/lib/libSDL2-2.0.0.dylib"; sourceTree = "<group>"; };
		955D85E72052A5680087D615 /* libSDL2_ttf-2.0.0.dylib */ = {isa = PBXFileReference; lastKnownFileType = "compiled.mach-o.dylib"; name = "libSDL2_ttf-2.0.0.dylib"; path = "../../../../usr/local/Cellar/sdl2_ttf/2.0.14/lib/libSDL2_ttf-2.0.0.dylib"; sourceTree = "<group>"; };
		955D85E92052A5750087D615 /* libSDL2_mixer-2.0.0.dylib */ = {isa = PBXFileReference; lastKnownFileType = "compiled.mach-o.dylib"; name = "libSDL2_mixer-2.0.0.dylib"; path = "../../../../usr/local/Cellar/sdl2_mixer/2.0.1_1/lib/libSDL2_mixer-2.0.0.dylib"; sourceTree = "<group>"; };
		955D85EB2052A5820087D615 /* libSDL2_image-2.0.0.dylib */ = {isa = PBXFileReference; lastKnownFileType = "compiled.mach-o.dylib"; name = "libSDL2_image-2.0.0.dylib"; path = "../../../../usr/local/Cellar/sdl2_image/2.0.1_3/lib/libSDL2_image-2.0.0.dylib"; sourceTree = "<group>"; };
		956844ED20540E3D0061416C /* exception */ = {isa = PBXFileReference; lastKnownFileType = folder; path = exception; sourceTree = "<group>"; };
/* End PBXFileReference section */

/* Begin PBXFrameworksBuildPhase section */
		955D85C62052A4EC0087D615 /* Frameworks */ = {
			isa = PBXFrameworksBuildPhase;
			buildActionMask = 2147483647;
			files = (
				955D85EC2052A5820087D615 /* libSDL2_image-2.0.0.dylib in Frameworks */,
				955D85EA2052A5750087D615 /* libSDL2_mixer-2.0.0.dylib in Frameworks */,
				955D85E82052A5680087D615 /* libSDL2_ttf-2.0.0.dylib in Frameworks */,
				955D85E62052A55B0087D615 /* libSDL2-2.0.0.dylib in Frameworks */,
			);
			runOnlyForDeploymentPostprocessing = 0;
		};
/* End PBXFrameworksBuildPhase section */

/* Begin PBXGroup section */
		955D85C02052A4EC0087D615 = {
			isa = PBXGroup;
			children = (
				955D85CB2052A4EC0087D615 /* SixWorld */,
				955D85CA2052A4EC0087D615 /* Products */,
				955D85E42052A55B0087D615 /* Frameworks */,
			);
			sourceTree = "<group>";
		};
		955D85CA2052A4EC0087D615 /* Products */ = {
			isa = PBXGroup;
			children = (
				955D85C92052A4EC0087D615 /* SixWorld */,
			);
			name = Products;
			sourceTree = "<group>";
		};
		955D85CB2052A4EC0087D615 /* SixWorld */ = {
			isa = PBXGroup;
			children = (
				956844ED20540E3D0061416C /* exception */,
				955D85DE2052A5120087D615 /* image */,
				955D85DC2052A5120087D615 /* abstractRace.cpp */,
				955D85D52052A5120087D615 /* abstractRace.hpp */,
				955D85D72052A5120087D615 /* diologWindow.hpp */,
				955D85D82052A5120087D615 /* diologWindow.inl */,
				955D85DD2052A5120087D615 /* graphics.cpp */,
				955D85D32052A5120087D615 /* graphics.hpp */,
				955D85D92052A5120087D615 /* main.cpp */,
				955D85D42052A5120087D615 /* startWindow.cpp */,
				955D85D62052A5120087D615 /* startWindow.hpp */,
				951F549A2054134900DB8C7C /* exceptionSituated.cpp */,
				951F54992054134900DB8C7C /* exceptionSituated.hpp */,
			);
			path = SixWorld;
			sourceTree = "<group>";
		};
		955D85E42052A55B0087D615 /* Frameworks */ = {
			isa = PBXGroup;
			children = (
				955D85EB2052A5820087D615 /* libSDL2_image-2.0.0.dylib */,
				955D85E92052A5750087D615 /* libSDL2_mixer-2.0.0.dylib */,
				955D85E72052A5680087D615 /* libSDL2_ttf-2.0.0.dylib */,
				955D85E52052A55B0087D615 /* libSDL2-2.0.0.dylib */,
			);
			name = Frameworks;
			sourceTree = "<group>";
		};
/* End PBXGroup section */

/* Begin PBXNativeTarget section */
		955D85C82052A4EC0087D615 /* SixWorld */ = {
			isa = PBXNativeTarget;
			buildConfigurationList = 955D85D02052A4EC0087D615 /* Build configuration list for PBXNativeTarget "SixWorld" */;
			buildPhases = (
				955D85C52052A4EC0087D615 /* Sources */,
				955D85C62052A4EC0087D615 /* Frameworks */,
				955D85C72052A4EC0087D615 /* CopyFiles */,
			);
			buildRules = (
			);
			dependencies = (
			);
			name = SixWorld;
			productName = SixWorld;
			productReference = 955D85C92052A4EC0087D615 /* SixWorld */;
			productType = "com.apple.product-type.tool";
		};
/* End PBXNativeTarget section */

/* Begin PBXProject section */
		955D85C12052A4EC0087D615 /* Project object */ = {
			isa = PBXProject;
			attributes = {
				LastUpgradeCheck = 0920;
				ORGANIZATIONNAME = "Asif Mamedov";
				TargetAttributes = {
					955D85C82052A4EC0087D615 = {
						CreatedOnToolsVersion = 9.2;
						ProvisioningStyle = Automatic;
					};
				};
			};
			buildConfigurationList = 955D85C42052A4EC0087D615 /* Build configuration list for PBXProject "SixWorld" */;
			compatibilityVersion = "Xcode 8.0";
			developmentRegion = en;
			hasScannedForEncodings = 0;
			knownRegions = (
				en,
			);
			mainGroup = 955D85C02052A4EC0087D615;
			productRefGroup = 955D85CA2052A4EC0087D615 /* Products */;
			projectDirPath = "";
			projectRoot = "";
			targets = (
				955D85C82052A4EC0087D615 /* SixWorld */,
			);
		};
/* End PBXProject section */

/* Begin PBXSourcesBuildPhase section */
		955D85C52052A4EC0087D615 /* Sources */ = {
			isa = PBXSourcesBuildPhase;
			buildActionMask = 2147483647;
			files = (
				955D85E22052A5120087D615 /* abstractRace.cpp in Sources */,
				955D85E02052A5120087D615 /* main.cpp in Sources */,
				955D85DF2052A5120087D615 /* startWindow.cpp in Sources */,
				951F549B2054134900DB8C7C /* exceptionSituated.cpp in Sources */,
				955D85E32052A5120087D615 /* graphics.cpp in Sources */,
			);
			runOnlyForDeploymentPostprocessing = 0;
		};
/* End PBXSourcesBuildPhase section */

/* Begin XCBuildConfiguration section */
		955D85CE2052A4EC0087D615 /* Debug */ = {
			isa = XCBuildConfiguration;
			buildSettings = {
				ALWAYS_SEARCH_USER_PATHS = NO;
				CLANG_ANALYZER_NONNULL = YES;
				CLANG_ANALYZER_NUMBER_OBJECT_CONVERSION = YES_AGGRESSIVE;
				CLANG_CXX_LANGUAGE_STANDARD = "gnu++14";
				CLANG_CXX_LIBRARY = "libc++";
				CLANG_ENABLE_MODULES = YES;
				CLANG_ENABLE_OBJC_ARC = YES;
				CLANG_WARN_BLOCK_CAPTURE_AUTORELEASING = YES;
				CLANG_WARN_BOOL_CONVERSION = YES;
				CLANG_WARN_COMMA = YES;
				CLANG_WARN_CONSTANT_CONVERSION = YES;
				CLANG_WARN_DIRECT_OBJC_ISA_USAGE = YES_ERROR;
				CLANG_WARN_DOCUMENTATION_COMMENTS = YES;
				CLANG_WARN_EMPTY_BODY = YES;
				CLANG_WARN_ENUM_CONVERSION = YES;
				CLANG_WARN_INFINITE_RECURSION = YES;
				CLANG_WARN_INT_CONVERSION = YES;
				CLANG_WARN_NON_LITERAL_NULL_CONVERSION = YES;
				CLANG_WARN_OBJC_LITERAL_CONVERSION = YES;
				CLANG_WARN_OBJC_ROOT_CLASS = YES_ERROR;
				CLANG_WARN_RANGE_LOOP_ANALYSIS = YES;
				CLANG_WARN_STRICT_PROTOTYPES = YES;
				CLANG_WARN_SUSPICIOUS_MOVE = YES;
				CLANG_WARN_UNGUARDED_AVAILABILITY = YES_AGGRESSIVE;
				CLANG_WARN_UNREACHABLE_CODE = YES;
				CLANG_WARN__DUPLICATE_METHOD_MATCH = YES;
				CODE_SIGN_IDENTITY = "Mac Developer";
				COPY_PHASE_STRIP = NO;
				DEBUG_INFORMATION_FORMAT = dwarf;
				ENABLE_STRICT_OBJC_MSGSEND = YES;
				ENABLE_TESTABILITY = YES;
				GCC_C_LANGUAGE_STANDARD = gnu11;
				GCC_DYNAMIC_NO_PIC = NO;
				GCC_NO_COMMON_BLOCKS = YES;
				GCC_OPTIMIZATION_LEVEL = 0;
				GCC_PREPROCESSOR_DEFINITIONS = (
					"DEBUG=1",
					"$(inherited)",
				);
				GCC_WARN_64_TO_32_BIT_CONVERSION = YES;
				GCC_WARN_ABOUT_RETURN_TYPE = YES_ERROR;
				GCC_WARN_UNDECLARED_SELECTOR = YES;
				GCC_WARN_UNINITIALIZED_AUTOS = YES_AGGRESSIVE;
				GCC_WARN_UNUSED_FUNCTION = YES;
				GCC_WARN_UNUSED_VARIABLE = YES;
				MACOSX_DEPLOYMENT_TARGET = 10.12;
				MTL_ENABLE_DEBUG_INFO = YES;
				ONLY_ACTIVE_ARCH = YES;
				SDKROOT = macosx;
			};
			name = Debug;
		};
		955D85CF2052A4EC0087D615 /* Release */ = {
			isa = XCBuildConfiguration;
			buildSettings = {
				ALWAYS_SEARCH_USER_PATHS = NO;
				CLANG_ANALYZER_NONNULL = YES;
				CLANG_ANALYZER_NUMBER_OBJECT_CONVERSION = YES_AGGRESSIVE;
				CLANG_CXX_LANGUAGE_STANDARD = "gnu++14";
				CLANG_CXX_LIBRARY = "libc++";
				CLANG_ENABLE_MODULES = YES;
				CLANG_ENABLE_OBJC_ARC = YES;
				CLANG_WARN_BLOCK_CAPTURE_AUTORELEASING = YES;
				CLANG_WARN_BOOL_CONVERSION = YES;
				CLANG_WARN_COMMA = YES;
				CLANG_WARN_CONSTANT_CONVERSION = YES;
				CLANG_WARN_DIRECT_OBJC_ISA_USAGE = YES_ERROR;
				CLANG_WARN_DOCUMENTATION_COMMENTS = YES;
				CLANG_WARN_EMPTY_BODY = YES;
				CLANG_WARN_ENUM_CONVERSION = YES;
				CLANG_WARN_INFINITE_RECURSION = YES;
				CLANG_WARN_INT_CONVERSION = YES;
				CLANG_WARN_NON_LITERAL_NULL_CONVERSION = YES;
				CLANG_WARN_OBJC_LITERAL_CONVERSION = YES;
				CLANG_WARN_OBJC_ROOT_CLASS = YES_ERROR;
				CLANG_WARN_RANGE_LOOP_ANALYSIS = YES;
				CLANG_WARN_STRICT_PROTOTYPES = YES;
				CLANG_WARN_SUSPICIOUS_MOVE = YES;
				CLANG_WARN_UNGUARDED_AVAILABILITY = YES_AGGRESSIVE;
				CLANG_WARN_UNREACHABLE_CODE = YES;
				CLANG_WARN__DUPLICATE_METHOD_MATCH = YES;
				CODE_SIGN_IDENTITY = "Mac Developer";
				COPY_PHASE_STRIP = NO;
				DEBUG_INFORMATION_FORMAT = "dwarf-with-dsym";
				ENABLE_NS_ASSERTIONS = NO;
				ENABLE_STRICT_OBJC_MSGSEND = YES;
				GCC_C_LANGUAGE_STANDARD = gnu11;
				GCC_NO_COMMON_BLOCKS = YES;
				GCC_WARN_64_TO_32_BIT_CONVERSION = YES;
				GCC_WARN_ABOUT_RETURN_TYPE = YES_ERROR;
				GCC_WARN_UNDECLARED_SELECTOR = YES;
				GCC_WARN_UNINITIALIZED_AUTOS = YES_AGGRESSIVE;
				GCC_WARN_UNUSED_FUNCTION = YES;
				GCC_WARN_UNUSED_VARIABLE = YES;
				MACOSX_DEPLOYMENT_TARGET = 10.12;
				MTL_ENABLE_DEBUG_INFO = NO;
				SDKROOT = macosx;
			};
			name = Release;
		};
		955D85D12052A4EC0087D615 /* Debug */ = {
			isa = XCBuildConfiguration;
			buildSettings = {
				CODE_SIGN_STYLE = Automatic;
				DEVELOPMENT_TEAM = 434D6RQ2UV;
				HEADER_SEARCH_PATHS = /usr/local/include;
				LIBRARY_SEARCH_PATHS = (
					"$(inherited)",
					/usr/local/Cellar/sdl2/2.0.5/lib,
					/usr/local/Cellar/sdl2_ttf/2.0.14/lib,
					/usr/local/Cellar/sdl2_mixer/2.0.1_1/lib,
					/usr/local/Cellar/sdl2_image/2.0.1_3/lib,
				);
				PRODUCT_NAME = "$(TARGET_NAME)";
			};
			name = Debug;
		};
		955D85D22052A4EC0087D615 /* Release */ = {
			isa = XCBuildConfiguration;
			buildSettings = {
				CODE_SIGN_STYLE = Automatic;
				DEVELOPMENT_TEAM = 434D6RQ2UV;
				HEADER_SEARCH_PATHS = /usr/local/include;
				LIBRARY_SEARCH_PATHS = (
					"$(inherited)",
					/usr/local/Cellar/sdl2/2.0.5/lib,
					/usr/local/Cellar/sdl2_ttf/2.0.14/lib,
					/usr/local/Cellar/sdl2_mixer/2.0.1_1/lib,
					/usr/local/Cellar/sdl2_image/2.0.1_3/lib,
				);
				PRODUCT_NAME = "$(TARGET_NAME)";
			};
			name = Release;
		};
/* End XCBuildConfiguration section */

/* Begin XCConfigurationList section */
		955D85C42052A4EC0087D615 /* Build configuration list for PBXProject "SixWorld" */ = {
			isa = XCConfigurationList;
			buildConfigurations = (
				955D85CE2052A4EC0087D615 /* Debug */,
				955D85CF2052A4EC0087D615 /* Release */,
			);
			defaultConfigurationIsVisible = 0;
			defaultConfigurationName = Release;
		};
		955D85D02052A4EC0087D615 /* Build configuration list for PBXNativeTarget "SixWorld" */ = {
			isa = XCConfigurationList;
			buildConfigurations = (
				955D85D12052A4EC0087D615 /* Debug */,
				955D85D22052A4EC0087D615 /* Release */,
			);
			defaultConfigurationIsVisible = 0;
			defaultConfigurationName = Release;
		};
/* End XCConfigurationList section */
	};
	rootObject = 955D85C12052A4EC0087D615 /* Project object */;
}
